
Microsoft Visual Studio Solution File, Format Version 12.00
Project("{FAE04EC0-301F-11D3-BF4B-00C04F79EFBC}") = "InterfaceDemo", "InterfaceDemo\InterfaceDemo.csproj", "{52B272A3-541E-4A3A-9D7A-8D4558BA6AD9}"
EndProject
Global
	GlobalSection(SolutionConfigurationPlatforms) = preSolution
		Debug|Any CPU = Debug|Any CPU
		Release|Any CPU = Release|Any CPU
	EndGlobalSection
	GlobalSection(ProjectConfigurationPlatforms) = postSolution
		{52B272A3-541E-4A3A-9D7A-8D4558BA6AD9}.Debug|Any CPU.ActiveCfg = Debug|Any CPU
		{52B272A3-541E-4A3A-9D7A-8D4558BA6AD9}.Debug|Any CPU.Build.0 = Debug|Any CPU
		{52B272A3-541E-4A3A-9D7A-8D4558BA6AD9}.Release|Any CPU.ActiveCfg = Release|Any CPU
		{52B272A3-541E-4A3A-9D7A-8D4558BA6AD9}.Release|Any CPU.Build.0 = Release|Any CPU
	EndGlobalSection
EndGlobal
